{
  "pins" : [
    {
      "identity" : "testonyxpackage",
      "kind" : "remoteSourceControl",
      "location" : "https://github.com/nathan-stouffer-onx/TestOnyxPackage",
      "state" : {
        "revision" : "9857dfebfeb339e25f2178024f34a26a1dba9753",
        "version" : "0.0.25"
      }
    }
  ],
  "version" : 2
}
