{
  "pins" : [
    {
      "identity" : "testonyxpackage",
      "kind" : "remoteSourceControl",
      "location" : "https://github.com/nathan-stouffer-onx/TestOnyxPackage",
      "state" : {
        "revision" : "e18f498cc883332b78de571d924386e2bd3942bd",
        "version" : "0.0.40"
      }
    }
  ],
  "version" : 2
}
