{
  "pins" : [
    {
      "identity" : "testonyxpackage",
      "kind" : "remoteSourceControl",
      "location" : "https://github.com/nathan-stouffer-onx/TestOnyxPackage",
      "state" : {
        "revision" : "3f79158ae6cb7ee07a7550248a4df2b5326b24d3",
        "version" : "0.0.58"
      }
    }
  ],
  "version" : 2
}
