// !$*UTF8*$!
{
	archiveVersion = 1;
	classes = {
	};
	objectVersion = 56;
	objects = {

/* Begin PBXBuildFile section */
		935EF2A62AD84B8D00E339E9 /* libonyx.a in Frameworks */ = {isa = PBXBuildFile; fileRef = 935EF2A52AD84B8D00E339E9 /* libonyx.a */; };
		935EF2A72AD84B9100E339E9 /* libonyx.a in Frameworks */ = {isa = PBXBuildFile; fileRef = 935EF2A52AD84B8D00E339E9 /* libonyx.a */; };
		93F291542ACF2DAB00781464 /* InteropDemoApp.swift in Sources */ = {isa = PBXBuildFile; fileRef = 93F291532ACF2DAB00781464 /* InteropDemoApp.swift */; };
		93F291562ACF2DAB00781464 /* ContentView.swift in Sources */ = {isa = PBXBuildFile; fileRef = 93F291552ACF2DAB00781464 /* ContentView.swift */; };
		93F291582ACF2DAD00781464 /* Assets.xcassets in Resources */ = {isa = PBXBuildFile; fileRef = 93F291572ACF2DAD00781464 /* Assets.xcassets */; };
		93F2915B2ACF2DAD00781464 /* Preview Assets.xcassets in Resources */ = {isa = PBXBuildFile; fileRef = 93F2915A2ACF2DAD00781464 /* Preview Assets.xcassets */; };
		93F291652ACF2DAD00781464 /* InteropDemoTests.swift in Sources */ = {isa = PBXBuildFile; fileRef = 93F291642ACF2DAD00781464 /* InteropDemoTests.swift */; };
		93F2916F2ACF2DAD00781464 /* InteropDemoUITests.swift in Sources */ = {isa = PBXBuildFile; fileRef = 93F2916E2ACF2DAD00781464 /* InteropDemoUITests.swift */; };
		93F291712ACF2DAD00781464 /* InteropDemoUITestsLaunchTests.swift in Sources */ = {isa = PBXBuildFile; fileRef = 93F291702ACF2DAD00781464 /* InteropDemoUITestsLaunchTests.swift */; };
/* End PBXBuildFile section */

/* Begin PBXContainerItemProxy section */
		93F291612ACF2DAD00781464 /* PBXContainerItemProxy */ = {
			isa = PBXContainerItemProxy;
			containerPortal = 93F291482ACF2DAB00781464 /* Project object */;
			proxyType = 1;
			remoteGlobalIDString = 93F2914F2ACF2DAB00781464;
			remoteInfo = InteropDemo;
		};
		93F2916B2ACF2DAD00781464 /* PBXContainerItemProxy */ = {
			isa = PBXContainerItemProxy;
			containerPortal = 93F291482ACF2DAB00781464 /* Project object */;
			proxyType = 1;
			remoteGlobalIDString = 93F2914F2ACF2DAB00781464;
			remoteInfo = InteropDemo;
		};
/* End PBXContainerItemProxy section */

/* Begin PBXCopyFilesBuildPhase section */
		93F2918A2ACF4F7A00781464 /* CopyFiles */ = {
			isa = PBXCopyFilesBuildPhase;
			buildActionMask = 2147483647;
			dstPath = "include/$(PRODUCT_NAME)";
			dstSubfolderSpec = 16;
			files = (
			);
			runOnlyForDeploymentPostprocessing = 0;
		};
/* End PBXCopyFilesBuildPhase section */

/* Begin PBXFileReference section */
		930EA92B2AD85C340083B81C /* arm64 */ = {isa = PBXFileReference; lastKnownFileType = folder; path = arm64; sourceTree = "<group>"; };
		930EA92C2AD85C340083B81C /* x86_64 */ = {isa = PBXFileReference; lastKnownFileType = folder; path = x86_64; sourceTree = "<group>"; };
		935EF2A52AD84B8D00E339E9 /* libonyx.a */ = {isa = PBXFileReference; lastKnownFileType = archive.ar; path = libonyx.a; sourceTree = "<group>"; };
		935EF2A92AD850BE00E339E9 /* API.h */ = {isa = PBXFileReference; fileEncoding = 4; lastKnownFileType = sourcecode.c.h; path = API.h; sourceTree = "<group>"; };
		935EF2AA2AD850BE00E339E9 /* lucid */ = {isa = PBXFileReference; lastKnownFileType = folder; path = lucid; sourceTree = "<group>"; };
		93F291502ACF2DAB00781464 /* InteropDemo.app */ = {isa = PBXFileReference; explicitFileType = wrapper.application; includeInIndex = 0; path = InteropDemo.app; sourceTree = BUILT_PRODUCTS_DIR; };
		93F291532ACF2DAB00781464 /* InteropDemoApp.swift */ = {isa = PBXFileReference; lastKnownFileType = sourcecode.swift; path = InteropDemoApp.swift; sourceTree = "<group>"; };
		93F291552ACF2DAB00781464 /* ContentView.swift */ = {isa = PBXFileReference; lastKnownFileType = sourcecode.swift; path = ContentView.swift; sourceTree = "<group>"; };
		93F291572ACF2DAD00781464 /* Assets.xcassets */ = {isa = PBXFileReference; lastKnownFileType = folder.assetcatalog; path = Assets.xcassets; sourceTree = "<group>"; };
		93F2915A2ACF2DAD00781464 /* Preview Assets.xcassets */ = {isa = PBXFileReference; lastKnownFileType = folder.assetcatalog; path = "Preview Assets.xcassets"; sourceTree = "<group>"; };
		93F291602ACF2DAD00781464 /* InteropDemoTests.xctest */ = {isa = PBXFileReference; explicitFileType = wrapper.cfbundle; includeInIndex = 0; path = InteropDemoTests.xctest; sourceTree = BUILT_PRODUCTS_DIR; };
		93F291642ACF2DAD00781464 /* InteropDemoTests.swift */ = {isa = PBXFileReference; lastKnownFileType = sourcecode.swift; path = InteropDemoTests.swift; sourceTree = "<group>"; };
		93F2916A2ACF2DAD00781464 /* InteropDemoUITests.xctest */ = {isa = PBXFileReference; explicitFileType = wrapper.cfbundle; includeInIndex = 0; path = InteropDemoUITests.xctest; sourceTree = BUILT_PRODUCTS_DIR; };
		93F2916E2ACF2DAD00781464 /* InteropDemoUITests.swift */ = {isa = PBXFileReference; lastKnownFileType = sourcecode.swift; path = InteropDemoUITests.swift; sourceTree = "<group>"; };
		93F291702ACF2DAD00781464 /* InteropDemoUITestsLaunchTests.swift */ = {isa = PBXFileReference; lastKnownFileType = sourcecode.swift; path = InteropDemoUITestsLaunchTests.swift; sourceTree = "<group>"; };
		93F2918C2ACF4F7A00781464 /* libCxxTest.a */ = {isa = PBXFileReference; explicitFileType = archive.ar; includeInIndex = 0; path = libCxxTest.a; sourceTree = BUILT_PRODUCTS_DIR; };
		93F291942ACF4FBE00781464 /* CxxTest.hpp */ = {isa = PBXFileReference; lastKnownFileType = sourcecode.cpp.h; path = CxxTest.hpp; sourceTree = "<group>"; };
		93F291982ACF53FD00781464 /* module.modulemap */ = {isa = PBXFileReference; lastKnownFileType = "sourcecode.module-map"; path = module.modulemap; sourceTree = "<group>"; };
/* End PBXFileReference section */

/* Begin PBXFrameworksBuildPhase section */
		93F2914D2ACF2DAB00781464 /* Frameworks */ = {
			isa = PBXFrameworksBuildPhase;
			buildActionMask = 2147483647;
			files = (
				935EF2A72AD84B9100E339E9 /* libonyx.a in Frameworks */,
			);
			runOnlyForDeploymentPostprocessing = 0;
		};
		93F2915D2ACF2DAD00781464 /* Frameworks */ = {
			isa = PBXFrameworksBuildPhase;
			buildActionMask = 2147483647;
			files = (
			);
			runOnlyForDeploymentPostprocessing = 0;
		};
		93F291672ACF2DAD00781464 /* Frameworks */ = {
			isa = PBXFrameworksBuildPhase;
			buildActionMask = 2147483647;
			files = (
			);
			runOnlyForDeploymentPostprocessing = 0;
		};
		93F291892ACF4F7A00781464 /* Frameworks */ = {
			isa = PBXFrameworksBuildPhase;
			buildActionMask = 2147483647;
			files = (
				935EF2A62AD84B8D00E339E9 /* libonyx.a in Frameworks */,
			);
			runOnlyForDeploymentPostprocessing = 0;
		};
/* End PBXFrameworksBuildPhase section */

/* Begin PBXGroup section */
		932DC75C2AD0A1FE00167591 /* include */ = {
			isa = PBXGroup;
			children = (
				935EF2A92AD850BE00E339E9 /* API.h */,
				935EF2AA2AD850BE00E339E9 /* lucid */,
				93F291982ACF53FD00781464 /* module.modulemap */,
				93F291942ACF4FBE00781464 /* CxxTest.hpp */,
			);
			path = include;
			sourceTree = "<group>";
		};
		93F291472ACF2DAB00781464 = {
			isa = PBXGroup;
			children = (
				93F291522ACF2DAB00781464 /* InteropDemo */,
				93F291632ACF2DAD00781464 /* InteropDemoTests */,
				93F2916D2ACF2DAD00781464 /* InteropDemoUITests */,
				93F2918D2ACF4F7A00781464 /* CxxTest */,
				93F291512ACF2DAB00781464 /* Products */,
			);
			sourceTree = "<group>";
		};
		93F291512ACF2DAB00781464 /* Products */ = {
			isa = PBXGroup;
			children = (
				93F291502ACF2DAB00781464 /* InteropDemo.app */,
				93F291602ACF2DAD00781464 /* InteropDemoTests.xctest */,
				93F2916A2ACF2DAD00781464 /* InteropDemoUITests.xctest */,
				93F2918C2ACF4F7A00781464 /* libCxxTest.a */,
			);
			name = Products;
			sourceTree = "<group>";
		};
		93F291522ACF2DAB00781464 /* InteropDemo */ = {
			isa = PBXGroup;
			children = (
				93F291532ACF2DAB00781464 /* InteropDemoApp.swift */,
				93F291552ACF2DAB00781464 /* ContentView.swift */,
				93F291572ACF2DAD00781464 /* Assets.xcassets */,
				93F291592ACF2DAD00781464 /* Preview Content */,
			);
			path = InteropDemo;
			sourceTree = "<group>";
		};
		93F291592ACF2DAD00781464 /* Preview Content */ = {
			isa = PBXGroup;
			children = (
				93F2915A2ACF2DAD00781464 /* Preview Assets.xcassets */,
			);
			path = "Preview Content";
			sourceTree = "<group>";
		};
		93F291632ACF2DAD00781464 /* InteropDemoTests */ = {
			isa = PBXGroup;
			children = (
				93F291642ACF2DAD00781464 /* InteropDemoTests.swift */,
			);
			path = InteropDemoTests;
			sourceTree = "<group>";
		};
		93F2916D2ACF2DAD00781464 /* InteropDemoUITests */ = {
			isa = PBXGroup;
			children = (
				93F2916E2ACF2DAD00781464 /* InteropDemoUITests.swift */,
				93F291702ACF2DAD00781464 /* InteropDemoUITestsLaunchTests.swift */,
			);
			path = InteropDemoUITests;
			sourceTree = "<group>";
		};
		93F2918D2ACF4F7A00781464 /* CxxTest */ = {
			isa = PBXGroup;
			children = (
				930EA92B2AD85C340083B81C /* arm64 */,
				930EA92C2AD85C340083B81C /* x86_64 */,
				935EF2A52AD84B8D00E339E9 /* libonyx.a */,
				932DC75C2AD0A1FE00167591 /* include */,
			);
			path = CxxTest;
			sourceTree = "<group>";
		};
/* End PBXGroup section */

/* Begin PBXNativeTarget section */
		93F2914F2ACF2DAB00781464 /* InteropDemo */ = {
			isa = PBXNativeTarget;
			buildConfigurationList = 93F291742ACF2DAD00781464 /* Build configuration list for PBXNativeTarget "InteropDemo" */;
			buildPhases = (
				93F2914C2ACF2DAB00781464 /* Sources */,
				93F2914D2ACF2DAB00781464 /* Frameworks */,
				93F2914E2ACF2DAB00781464 /* Resources */,
			);
			buildRules = (
			);
			dependencies = (
			);
			name = InteropDemo;
			productName = InteropDemo;
			productReference = 93F291502ACF2DAB00781464 /* InteropDemo.app */;
			productType = "com.apple.product-type.application";
		};
		93F2915F2ACF2DAD00781464 /* InteropDemoTests */ = {
			isa = PBXNativeTarget;
			buildConfigurationList = 93F291772ACF2DAD00781464 /* Build configuration list for PBXNativeTarget "InteropDemoTests" */;
			buildPhases = (
				93F2915C2ACF2DAD00781464 /* Sources */,
				93F2915D2ACF2DAD00781464 /* Frameworks */,
				93F2915E2ACF2DAD00781464 /* Resources */,
			);
			buildRules = (
			);
			dependencies = (
				93F291622ACF2DAD00781464 /* PBXTargetDependency */,
			);
			name = InteropDemoTests;
			productName = InteropDemoTests;
			productReference = 93F291602ACF2DAD00781464 /* InteropDemoTests.xctest */;
			productType = "com.apple.product-type.bundle.unit-test";
		};
		93F291692ACF2DAD00781464 /* InteropDemoUITests */ = {
			isa = PBXNativeTarget;
			buildConfigurationList = 93F2917A2ACF2DAD00781464 /* Build configuration list for PBXNativeTarget "InteropDemoUITests" */;
			buildPhases = (
				93F291662ACF2DAD00781464 /* Sources */,
				93F291672ACF2DAD00781464 /* Frameworks */,
				93F291682ACF2DAD00781464 /* Resources */,
			);
			buildRules = (
			);
			dependencies = (
				93F2916C2ACF2DAD00781464 /* PBXTargetDependency */,
			);
			name = InteropDemoUITests;
			productName = InteropDemoUITests;
			productReference = 93F2916A2ACF2DAD00781464 /* InteropDemoUITests.xctest */;
			productType = "com.apple.product-type.bundle.ui-testing";
		};
		93F2918B2ACF4F7A00781464 /* CxxTest */ = {
			isa = PBXNativeTarget;
			buildConfigurationList = 93F291922ACF4F7A00781464 /* Build configuration list for PBXNativeTarget "CxxTest" */;
			buildPhases = (
				93F291882ACF4F7A00781464 /* Sources */,
				93F291892ACF4F7A00781464 /* Frameworks */,
				93F2918A2ACF4F7A00781464 /* CopyFiles */,
			);
			buildRules = (
			);
			dependencies = (
			);
			name = CxxTest;
			productName = CxxTest;
			productReference = 93F2918C2ACF4F7A00781464 /* libCxxTest.a */;
			productType = "com.apple.product-type.library.static";
		};
/* End PBXNativeTarget section */

/* Begin PBXProject section */
		93F291482ACF2DAB00781464 /* Project object */ = {
			isa = PBXProject;
			attributes = {
				BuildIndependentTargetsInParallel = 1;
				LastSwiftUpdateCheck = 1500;
				LastUpgradeCheck = 1500;
				TargetAttributes = {
					93F2914F2ACF2DAB00781464 = {
						CreatedOnToolsVersion = 15.0;
					};
					93F2915F2ACF2DAD00781464 = {
						CreatedOnToolsVersion = 15.0;
						TestTargetID = 93F2914F2ACF2DAB00781464;
					};
					93F291692ACF2DAD00781464 = {
						CreatedOnToolsVersion = 15.0;
						TestTargetID = 93F2914F2ACF2DAB00781464;
					};
					93F2918B2ACF4F7A00781464 = {
						CreatedOnToolsVersion = 15.0;
						LastSwiftMigration = 1500;
					};
				};
			};
			buildConfigurationList = 93F2914B2ACF2DAB00781464 /* Build configuration list for PBXProject "InteropDemo" */;
			compatibilityVersion = "Xcode 14.0";
			developmentRegion = en;
			hasScannedForEncodings = 0;
			knownRegions = (
				en,
				Base,
			);
			mainGroup = 93F291472ACF2DAB00781464;
			productRefGroup = 93F291512ACF2DAB00781464 /* Products */;
			projectDirPath = "";
			projectRoot = "";
			targets = (
				93F2914F2ACF2DAB00781464 /* InteropDemo */,
				93F2915F2ACF2DAD00781464 /* InteropDemoTests */,
				93F291692ACF2DAD00781464 /* InteropDemoUITests */,
				93F2918B2ACF4F7A00781464 /* CxxTest */,
			);
		};
/* End PBXProject section */

/* Begin PBXResourcesBuildPhase section */
		93F2914E2ACF2DAB00781464 /* Resources */ = {
			isa = PBXResourcesBuildPhase;
			buildActionMask = 2147483647;
			files = (
				93F2915B2ACF2DAD00781464 /* Preview Assets.xcassets in Resources */,
				93F291582ACF2DAD00781464 /* Assets.xcassets in Resources */,
			);
			runOnlyForDeploymentPostprocessing = 0;
		};
		93F2915E2ACF2DAD00781464 /* Resources */ = {
			isa = PBXResourcesBuildPhase;
			buildActionMask = 2147483647;
			files = (
			);
			runOnlyForDeploymentPostprocessing = 0;
		};
		93F291682ACF2DAD00781464 /* Resources */ = {
			isa = PBXResourcesBuildPhase;
			buildActionMask = 2147483647;
			files = (
			);
			runOnlyForDeploymentPostprocessing = 0;
		};
/* End PBXResourcesBuildPhase section */

/* Begin PBXSourcesBuildPhase section */
		93F2914C2ACF2DAB00781464 /* Sources */ = {
			isa = PBXSourcesBuildPhase;
			buildActionMask = 2147483647;
			files = (
				93F291562ACF2DAB00781464 /* ContentView.swift in Sources */,
				93F291542ACF2DAB00781464 /* InteropDemoApp.swift in Sources */,
			);
			runOnlyForDeploymentPostprocessing = 0;
		};
		93F2915C2ACF2DAD00781464 /* Sources */ = {
			isa = PBXSourcesBuildPhase;
			buildActionMask = 2147483647;
			files = (
				93F291652ACF2DAD00781464 /* InteropDemoTests.swift in Sources */,
			);
			runOnlyForDeploymentPostprocessing = 0;
		};
		93F291662ACF2DAD00781464 /* Sources */ = {
			isa = PBXSourcesBuildPhase;
			buildActionMask = 2147483647;
			files = (
				93F2916F2ACF2DAD00781464 /* InteropDemoUITests.swift in Sources */,
				93F291712ACF2DAD00781464 /* InteropDemoUITestsLaunchTests.swift in Sources */,
			);
			runOnlyForDeploymentPostprocessing = 0;
		};
		93F291882ACF4F7A00781464 /* Sources */ = {
			isa = PBXSourcesBuildPhase;
			buildActionMask = 2147483647;
			files = (
			);
			runOnlyForDeploymentPostprocessing = 0;
		};
/* End PBXSourcesBuildPhase section */

/* Begin PBXTargetDependency section */
		93F291622ACF2DAD00781464 /* PBXTargetDependency */ = {
			isa = PBXTargetDependency;
			target = 93F2914F2ACF2DAB00781464 /* InteropDemo */;
			targetProxy = 93F291612ACF2DAD00781464 /* PBXContainerItemProxy */;
		};
		93F2916C2ACF2DAD00781464 /* PBXTargetDependency */ = {
			isa = PBXTargetDependency;
			target = 93F2914F2ACF2DAB00781464 /* InteropDemo */;
			targetProxy = 93F2916B2ACF2DAD00781464 /* PBXContainerItemProxy */;
		};
/* End PBXTargetDependency section */

/* Begin XCBuildConfiguration section */
		93F291722ACF2DAD00781464 /* Debug */ = {
			isa = XCBuildConfiguration;
			buildSettings = {
				ALWAYS_SEARCH_USER_PATHS = NO;
				ASSETCATALOG_COMPILER_GENERATE_SWIFT_ASSET_SYMBOL_EXTENSIONS = YES;
				CLANG_ANALYZER_NONNULL = YES;
				CLANG_ANALYZER_NUMBER_OBJECT_CONVERSION = YES_AGGRESSIVE;
				CLANG_CXX_LANGUAGE_STANDARD = "gnu++20";
				CLANG_ENABLE_MODULES = YES;
				CLANG_ENABLE_OBJC_ARC = YES;
				CLANG_ENABLE_OBJC_WEAK = YES;
				CLANG_WARN_BLOCK_CAPTURE_AUTORELEASING = YES;
				CLANG_WARN_BOOL_CONVERSION = YES;
				CLANG_WARN_COMMA = YES;
				CLANG_WARN_CONSTANT_CONVERSION = YES;
				CLANG_WARN_DEPRECATED_OBJC_IMPLEMENTATIONS = YES;
				CLANG_WARN_DIRECT_OBJC_ISA_USAGE = YES_ERROR;
				CLANG_WARN_DOCUMENTATION_COMMENTS = YES;
				CLANG_WARN_EMPTY_BODY = YES;
				CLANG_WARN_ENUM_CONVERSION = YES;
				CLANG_WARN_INFINITE_RECURSION = YES;
				CLANG_WARN_INT_CONVERSION = YES;
				CLANG_WARN_NON_LITERAL_NULL_CONVERSION = YES;
				CLANG_WARN_OBJC_IMPLICIT_RETAIN_SELF = YES;
				CLANG_WARN_OBJC_LITERAL_CONVERSION = YES;
				CLANG_WARN_OBJC_ROOT_CLASS = YES_ERROR;
				CLANG_WARN_QUOTED_INCLUDE_IN_FRAMEWORK_HEADER = YES;
				CLANG_WARN_RANGE_LOOP_ANALYSIS = YES;
				CLANG_WARN_STRICT_PROTOTYPES = YES;
				CLANG_WARN_SUSPICIOUS_MOVE = YES;
				CLANG_WARN_UNGUARDED_AVAILABILITY = YES_AGGRESSIVE;
				CLANG_WARN_UNREACHABLE_CODE = YES;
				CLANG_WARN__DUPLICATE_METHOD_MATCH = YES;
				COPY_PHASE_STRIP = NO;
				DEBUG_INFORMATION_FORMAT = dwarf;
				ENABLE_STRICT_OBJC_MSGSEND = YES;
				ENABLE_TESTABILITY = YES;
				ENABLE_USER_SCRIPT_SANDBOXING = YES;
				GCC_C_LANGUAGE_STANDARD = gnu17;
				GCC_DYNAMIC_NO_PIC = NO;
				GCC_NO_COMMON_BLOCKS = YES;
				GCC_OPTIMIZATION_LEVEL = 0;
				GCC_PREPROCESSOR_DEFINITIONS = (
					"DEBUG=1",
					"$(inherited)",
				);
				GCC_WARN_64_TO_32_BIT_CONVERSION = YES;
				GCC_WARN_ABOUT_RETURN_TYPE = YES_ERROR;
				GCC_WARN_UNDECLARED_SELECTOR = YES;
				GCC_WARN_UNINITIALIZED_AUTOS = YES_AGGRESSIVE;
				GCC_WARN_UNUSED_FUNCTION = YES;
				GCC_WARN_UNUSED_VARIABLE = YES;
				IPHONEOS_DEPLOYMENT_TARGET = 17.0;
				LOCALIZATION_PREFERS_STRING_CATALOGS = YES;
				MTL_ENABLE_DEBUG_INFO = INCLUDE_SOURCE;
				MTL_FAST_MATH = YES;
				ONLY_ACTIVE_ARCH = YES;
				SDKROOT = iphoneos;
				SWIFT_ACTIVE_COMPILATION_CONDITIONS = "DEBUG $(inherited)";
				SWIFT_OPTIMIZATION_LEVEL = "-Onone";
			};
			name = Debug;
		};
		93F291732ACF2DAD00781464 /* Release */ = {
			isa = XCBuildConfiguration;
			buildSettings = {
				ALWAYS_SEARCH_USER_PATHS = NO;
				ASSETCATALOG_COMPILER_GENERATE_SWIFT_ASSET_SYMBOL_EXTENSIONS = YES;
				CLANG_ANALYZER_NONNULL = YES;
				CLANG_ANALYZER_NUMBER_OBJECT_CONVERSION = YES_AGGRESSIVE;
				CLANG_CXX_LANGUAGE_STANDARD = "gnu++20";
				CLANG_ENABLE_MODULES = YES;
				CLANG_ENABLE_OBJC_ARC = YES;
				CLANG_ENABLE_OBJC_WEAK = YES;
				CLANG_WARN_BLOCK_CAPTURE_AUTORELEASING = YES;
				CLANG_WARN_BOOL_CONVERSION = YES;
				CLANG_WARN_COMMA = YES;
				CLANG_WARN_CONSTANT_CONVERSION = YES;
				CLANG_WARN_DEPRECATED_OBJC_IMPLEMENTATIONS = YES;
				CLANG_WARN_DIRECT_OBJC_ISA_USAGE = YES_ERROR;
				CLANG_WARN_DOCUMENTATION_COMMENTS = YES;
				CLANG_WARN_EMPTY_BODY = YES;
				CLANG_WARN_ENUM_CONVERSION = YES;
				CLANG_WARN_INFINITE_RECURSION = YES;
				CLANG_WARN_INT_CONVERSION = YES;
				CLANG_WARN_NON_LITERAL_NULL_CONVERSION = YES;
				CLANG_WARN_OBJC_IMPLICIT_RETAIN_SELF = YES;
				CLANG_WARN_OBJC_LITERAL_CONVERSION = YES;
				CLANG_WARN_OBJC_ROOT_CLASS = YES_ERROR;
				CLANG_WARN_QUOTED_INCLUDE_IN_FRAMEWORK_HEADER = YES;
				CLANG_WARN_RANGE_LOOP_ANALYSIS = YES;
				CLANG_WARN_STRICT_PROTOTYPES = YES;
				CLANG_WARN_SUSPICIOUS_MOVE = YES;
				CLANG_WARN_UNGUARDED_AVAILABILITY = YES_AGGRESSIVE;
				CLANG_WARN_UNREACHABLE_CODE = YES;
				CLANG_WARN__DUPLICATE_METHOD_MATCH = YES;
				COPY_PHASE_STRIP = NO;
				DEBUG_INFORMATION_FORMAT = "dwarf-with-dsym";
				ENABLE_NS_ASSERTIONS = NO;
				ENABLE_STRICT_OBJC_MSGSEND = YES;
				ENABLE_USER_SCRIPT_SANDBOXING = YES;
				GCC_C_LANGUAGE_STANDARD = gnu17;
				GCC_NO_COMMON_BLOCKS = YES;
				GCC_WARN_64_TO_32_BIT_CONVERSION = YES;
				GCC_WARN_ABOUT_RETURN_TYPE = YES_ERROR;
				GCC_WARN_UNDECLARED_SELECTOR = YES;
				GCC_WARN_UNINITIALIZED_AUTOS = YES_AGGRESSIVE;
				GCC_WARN_UNUSED_FUNCTION = YES;
				GCC_WARN_UNUSED_VARIABLE = YES;
				IPHONEOS_DEPLOYMENT_TARGET = 17.0;
				LOCALIZATION_PREFERS_STRING_CATALOGS = YES;
				MTL_ENABLE_DEBUG_INFO = NO;
				MTL_FAST_MATH = YES;
				SDKROOT = iphoneos;
				SWIFT_COMPILATION_MODE = wholemodule;
				VALIDATE_PRODUCT = YES;
			};
			name = Release;
		};
		93F291752ACF2DAD00781464 /* Debug */ = {
			isa = XCBuildConfiguration;
			buildSettings = {
				ASSETCATALOG_COMPILER_APPICON_NAME = AppIcon;
				ASSETCATALOG_COMPILER_GLOBAL_ACCENT_COLOR_NAME = AccentColor;
				CODE_SIGN_STYLE = Automatic;
				CURRENT_PROJECT_VERSION = 1;
				DEVELOPMENT_ASSET_PATHS = "\"InteropDemo/Preview Content\"";
				DEVELOPMENT_TEAM = KNJ68U9N26;
				ENABLE_PREVIEWS = YES;
				GENERATE_INFOPLIST_FILE = YES;
				INFOPLIST_KEY_UIApplicationSceneManifest_Generation = YES;
				INFOPLIST_KEY_UIApplicationSupportsIndirectInputEvents = YES;
				INFOPLIST_KEY_UILaunchScreen_Generation = YES;
				INFOPLIST_KEY_UISupportedInterfaceOrientations_iPad = "UIInterfaceOrientationPortrait UIInterfaceOrientationPortraitUpsideDown UIInterfaceOrientationLandscapeLeft UIInterfaceOrientationLandscapeRight";
				INFOPLIST_KEY_UISupportedInterfaceOrientations_iPhone = "UIInterfaceOrientationPortrait UIInterfaceOrientationLandscapeLeft UIInterfaceOrientationLandscapeRight";
				IPHONEOS_DEPLOYMENT_TARGET = 15.0;
				LD_RUNPATH_SEARCH_PATHS = (
					"$(inherited)",
					"@executable_path/Frameworks",
				);
				LIBRARY_SEARCH_PATHS = "$(inherited)";
				"LIBRARY_SEARCH_PATHS[sdk=iphoneos*]" = (
					"$(inherited)",
					"$(PROJECT_DIR)/CxxTest/arm64/lib",
				);
				"LIBRARY_SEARCH_PATHS[sdk=iphonesimulator*]" = (
					"$(inherited)",
					"$(PROJECT_DIR)/CxxTest/x86_64/lib",
				);
				MARKETING_VERSION = 1.0;
				OTHER_SWIFT_FLAGS = "-cxx-interoperability-mode=default";
				PRODUCT_BUNDLE_IDENTIFIER = onx.InteropDemo;
				PRODUCT_NAME = "$(TARGET_NAME)";
				SWIFT_EMIT_LOC_STRINGS = YES;
				SWIFT_INCLUDE_PATHS = ./CxxTest/include;
				SWIFT_OBJC_INTEROP_MODE = objcxx;
				SWIFT_VERSION = 5.0;
				TARGETED_DEVICE_FAMILY = "1,2";
			};
			name = Debug;
		};
		93F291762ACF2DAD00781464 /* Release */ = {
			isa = XCBuildConfiguration;
			buildSettings = {
				ASSETCATALOG_COMPILER_APPICON_NAME = AppIcon;
				ASSETCATALOG_COMPILER_GLOBAL_ACCENT_COLOR_NAME = AccentColor;
				CODE_SIGN_STYLE = Automatic;
				CURRENT_PROJECT_VERSION = 1;
				DEVELOPMENT_ASSET_PATHS = "\"InteropDemo/Preview Content\"";
				DEVELOPMENT_TEAM = KNJ68U9N26;
				ENABLE_PREVIEWS = YES;
				GENERATE_INFOPLIST_FILE = YES;
				INFOPLIST_KEY_UIApplicationSceneManifest_Generation = YES;
				INFOPLIST_KEY_UIApplicationSupportsIndirectInputEvents = YES;
				INFOPLIST_KEY_UILaunchScreen_Generation = YES;
				INFOPLIST_KEY_UISupportedInterfaceOrientations_iPad = "UIInterfaceOrientationPortrait UIInterfaceOrientationPortraitUpsideDown UIInterfaceOrientationLandscapeLeft UIInterfaceOrientationLandscapeRight";
				INFOPLIST_KEY_UISupportedInterfaceOrientations_iPhone = "UIInterfaceOrientationPortrait UIInterfaceOrientationLandscapeLeft UIInterfaceOrientationLandscapeRight";
				IPHONEOS_DEPLOYMENT_TARGET = 15.0;
				LD_RUNPATH_SEARCH_PATHS = (
					"$(inherited)",
					"@executable_path/Frameworks",
				);
				LIBRARY_SEARCH_PATHS = "$(inherited)";
				"LIBRARY_SEARCH_PATHS[sdk=iphoneos*]" = (
					"$(inherited)",
					"$(PROJECT_DIR)/CxxTest/arm64/lib",
				);
				"LIBRARY_SEARCH_PATHS[sdk=iphonesimulator*]" = (
					"$(inherited)",
					"$(PROJECT_DIR)/CxxTest/x86_64/lib",
				);
				MARKETING_VERSION = 1.0;
				OTHER_SWIFT_FLAGS = "-cxx-interoperability-mode=default";
				PRODUCT_BUNDLE_IDENTIFIER = onx.InteropDemo;
				PRODUCT_NAME = "$(TARGET_NAME)";
				SWIFT_EMIT_LOC_STRINGS = YES;
				SWIFT_INCLUDE_PATHS = ./CxxTest/include;
				SWIFT_OBJC_INTEROP_MODE = objcxx;
				SWIFT_VERSION = 5.0;
				TARGETED_DEVICE_FAMILY = "1,2";
			};
			name = Release;
		};
		93F291782ACF2DAD00781464 /* Debug */ = {
			isa = XCBuildConfiguration;
			buildSettings = {
				ALWAYS_EMBED_SWIFT_STANDARD_LIBRARIES = YES;
				BUNDLE_LOADER = "$(TEST_HOST)";
				CODE_SIGN_STYLE = Automatic;
				CURRENT_PROJECT_VERSION = 1;
				DEVELOPMENT_TEAM = KNJ68U9N26;
				GENERATE_INFOPLIST_FILE = YES;
				IPHONEOS_DEPLOYMENT_TARGET = 17.0;
				MARKETING_VERSION = 1.0;
				PRODUCT_BUNDLE_IDENTIFIER = onx.InteropDemoTests;
				PRODUCT_NAME = "$(TARGET_NAME)";
				SWIFT_EMIT_LOC_STRINGS = NO;
				SWIFT_VERSION = 5.0;
				TARGETED_DEVICE_FAMILY = "1,2";
				TEST_HOST = "$(BUILT_PRODUCTS_DIR)/InteropDemo.app/$(BUNDLE_EXECUTABLE_FOLDER_PATH)/InteropDemo";
			};
			name = Debug;
		};
		93F291792ACF2DAD00781464 /* Release */ = {
			isa = XCBuildConfiguration;
			buildSettings = {
				ALWAYS_EMBED_SWIFT_STANDARD_LIBRARIES = YES;
				BUNDLE_LOADER = "$(TEST_HOST)";
				CODE_SIGN_STYLE = Automatic;
				CURRENT_PROJECT_VERSION = 1;
				DEVELOPMENT_TEAM = KNJ68U9N26;
				GENERATE_INFOPLIST_FILE = YES;
				IPHONEOS_DEPLOYMENT_TARGET = 17.0;
				MARKETING_VERSION = 1.0;
				PRODUCT_BUNDLE_IDENTIFIER = onx.InteropDemoTests;
				PRODUCT_NAME = "$(TARGET_NAME)";
				SWIFT_EMIT_LOC_STRINGS = NO;
				SWIFT_VERSION = 5.0;
				TARGETED_DEVICE_FAMILY = "1,2";
				TEST_HOST = "$(BUILT_PRODUCTS_DIR)/InteropDemo.app/$(BUNDLE_EXECUTABLE_FOLDER_PATH)/InteropDemo";
			};
			name = Release;
		};
		93F2917B2ACF2DAD00781464 /* Debug */ = {
			isa = XCBuildConfiguration;
			buildSettings = {
				ALWAYS_EMBED_SWIFT_STANDARD_LIBRARIES = YES;
				CODE_SIGN_STYLE = Automatic;
				CURRENT_PROJECT_VERSION = 1;
				DEVELOPMENT_TEAM = KNJ68U9N26;
				GENERATE_INFOPLIST_FILE = YES;
				MARKETING_VERSION = 1.0;
				PRODUCT_BUNDLE_IDENTIFIER = onx.InteropDemoUITests;
				PRODUCT_NAME = "$(TARGET_NAME)";
				SWIFT_EMIT_LOC_STRINGS = NO;
				SWIFT_VERSION = 5.0;
				TARGETED_DEVICE_FAMILY = "1,2";
				TEST_TARGET_NAME = InteropDemo;
			};
			name = Debug;
		};
		93F2917C2ACF2DAD00781464 /* Release */ = {
			isa = XCBuildConfiguration;
			buildSettings = {
				ALWAYS_EMBED_SWIFT_STANDARD_LIBRARIES = YES;
				CODE_SIGN_STYLE = Automatic;
				CURRENT_PROJECT_VERSION = 1;
				DEVELOPMENT_TEAM = KNJ68U9N26;
				GENERATE_INFOPLIST_FILE = YES;
				MARKETING_VERSION = 1.0;
				PRODUCT_BUNDLE_IDENTIFIER = onx.InteropDemoUITests;
				PRODUCT_NAME = "$(TARGET_NAME)";
				SWIFT_EMIT_LOC_STRINGS = NO;
				SWIFT_VERSION = 5.0;
				TARGETED_DEVICE_FAMILY = "1,2";
				TEST_TARGET_NAME = InteropDemo;
			};
			name = Release;
		};
		93F291902ACF4F7A00781464 /* Debug */ = {
			isa = XCBuildConfiguration;
			buildSettings = {
				CLANG_ENABLE_MODULES = YES;
				CODE_SIGN_STYLE = Automatic;
				DEVELOPMENT_TEAM = KNJ68U9N26;
				LIBRARY_SEARCH_PATHS = (
					"$(inherited)",
					"$(PROJECT_DIR)/CxxTest",
				);
				OTHER_LDFLAGS = "-ObjC";
				PRODUCT_NAME = "$(TARGET_NAME)";
				SKIP_INSTALL = YES;
				SWIFT_OPTIMIZATION_LEVEL = "-Onone";
				SWIFT_VERSION = 5.0;
				TARGETED_DEVICE_FAMILY = "1,2";
			};
			name = Debug;
		};
		93F291912ACF4F7A00781464 /* Release */ = {
			isa = XCBuildConfiguration;
			buildSettings = {
				CLANG_ENABLE_MODULES = YES;
				CODE_SIGN_STYLE = Automatic;
				DEVELOPMENT_TEAM = KNJ68U9N26;
				LIBRARY_SEARCH_PATHS = (
					"$(inherited)",
					"$(PROJECT_DIR)/CxxTest",
				);
				OTHER_LDFLAGS = "-ObjC";
				PRODUCT_NAME = "$(TARGET_NAME)";
				SKIP_INSTALL = YES;
				SWIFT_VERSION = 5.0;
				TARGETED_DEVICE_FAMILY = "1,2";
			};
			name = Release;
		};
/* End XCBuildConfiguration section */

/* Begin XCConfigurationList section */
		93F2914B2ACF2DAB00781464 /* Build configuration list for PBXProject "InteropDemo" */ = {
			isa = XCConfigurationList;
			buildConfigurations = (
				93F291722ACF2DAD00781464 /* Debug */,
				93F291732ACF2DAD00781464 /* Release */,
			);
			defaultConfigurationIsVisible = 0;
			defaultConfigurationName = Release;
		};
		93F291742ACF2DAD00781464 /* Build configuration list for PBXNativeTarget "InteropDemo" */ = {
			isa = XCConfigurationList;
			buildConfigurations = (
				93F291752ACF2DAD00781464 /* Debug */,
				93F291762ACF2DAD00781464 /* Release */,
			);
			defaultConfigurationIsVisible = 0;
			defaultConfigurationName = Release;
		};
		93F291772ACF2DAD00781464 /* Build configuration list for PBXNativeTarget "InteropDemoTests" */ = {
			isa = XCConfigurationList;
			buildConfigurations = (
				93F291782ACF2DAD00781464 /* Debug */,
				93F291792ACF2DAD00781464 /* Release */,
			);
			defaultConfigurationIsVisible = 0;
			defaultConfigurationName = Release;
		};
		93F2917A2ACF2DAD00781464 /* Build configuration list for PBXNativeTarget "InteropDemoUITests" */ = {
			isa = XCConfigurationList;
			buildConfigurations = (
				93F2917B2ACF2DAD00781464 /* Debug */,
				93F2917C2ACF2DAD00781464 /* Release */,
			);
			defaultConfigurationIsVisible = 0;
			defaultConfigurationName = Release;
		};
		93F291922ACF4F7A00781464 /* Build configuration list for PBXNativeTarget "CxxTest" */ = {
			isa = XCConfigurationList;
			buildConfigurations = (
				93F291902ACF4F7A00781464 /* Debug */,
				93F291912ACF4F7A00781464 /* Release */,
			);
			defaultConfigurationIsVisible = 0;
			defaultConfigurationName = Release;
		};
/* End XCConfigurationList section */
	};
	rootObject = 93F291482ACF2DAB00781464 /* Project object */;
}
